
Microsoft Visual Studio Solution File, Format Version 12.00
# Visual Studio Version 16
VisualStudioVersion = 16.0.810.14
MinimumVisualStudioVersion = 10.0.40219.1
Project("{FAE04EC0-301F-11D3-BF4B-00C04F79EFBC}") = "AOC", "AOC\AOC.csproj", "{1FB42E0E-D518-4DBA-B819-7C1639310D89}"
EndProject
Global
	GlobalSection(SolutionConfigurationPlatforms) = preSolution
		Debug|Any CPU = Debug|Any CPU
		Release|Any CPU = Release|Any CPU
	EndGlobalSection
	GlobalSection(ProjectConfigurationPlatforms) = postSolution
		{1FB42E0E-D518-4DBA-B819-7C1639310D89}.Debug|Any CPU.ActiveCfg = Debug|Any CPU
		{1FB42E0E-D518-4DBA-B819-7C1639310D89}.Debug|Any CPU.Build.0 = Debug|Any CPU
		{1FB42E0E-D518-4DBA-B819-7C1639310D89}.Release|Any CPU.ActiveCfg = Release|Any CPU
		{1FB42E0E-D518-4DBA-B819-7C1639310D89}.Release|Any CPU.Build.0 = Release|Any CPU
	EndGlobalSection
	GlobalSection(SolutionProperties) = preSolution
		HideSolutionNode = FALSE
	EndGlobalSection
	GlobalSection(ExtensibilityGlobals) = postSolution
		SolutionGuid = {FC832A2D-7DBB-4A2F-871C-0BA7E54DE544}
	EndGlobalSection
EndGlobal
